Microsoft Visual Studio Solution File, Format Version 12.00
# Visual Studio Version 17
VisualStudioVersion = 17.5.2.0
MinimumVisualStudioVersion = 10.0.40219.1
Project("{FAE04EC0-301F-11D3-BF4B-00C04F79EFBC}") = "ImpactPhysicsEngine", "ImpactPhysicsEngine\ImpactPhysicsEngine.csproj", "{333E0E7E-9027-D245-08EF-B3A168274CAC}"
EndProject
Global
	GlobalSection(SolutionConfigurationPlatforms) = preSolution
		Debug|Any CPU = Debug|Any CPU
		Release|Any CPU = Release|Any CPU
	EndGlobalSection
	GlobalSection(ProjectConfigurationPlatforms) = postSolution
		{333E0E7E-9027-D245-08EF-B3A168274CAC}.Debug|Any CPU.ActiveCfg = Debug|Any CPU
		{333E0E7E-9027-D245-08EF-B3A168274CAC}.Debug|Any CPU.Build.0 = Debug|Any CPU
		{333E0E7E-9027-D245-08EF-B3A168274CAC}.Release|Any CPU.ActiveCfg = Release|Any CPU
		{333E0E7E-9027-D245-08EF-B3A168274CAC}.Release|Any CPU.Build.0 = Release|Any CPU
	EndGlobalSection
	GlobalSection(SolutionProperties) = preSolution
		HideSolutionNode = FALSE
	EndGlobalSection
	GlobalSection(ExtensibilityGlobals) = postSolution
		SolutionGuid = {8565D08F-8D9B-4F06-965E-E8B7C75CBBDF}
	EndGlobalSection
EndGlobal
