Microsoft Visual Studio Solution File, Format Version 12.00
# Visual Studio Version 17
VisualStudioVersion = 17.5.2.0
MinimumVisualStudioVersion = 10.0.40219.1
Project("{FAE04EC0-301F-11D3-BF4B-00C04F79EFBC}") = "ImpactPhysicsEngine", "ImpactPhysicsEngine.csproj", "{50E9C488-9A79-4404-EAF9-86F263724D78}"
EndProject
Global
	GlobalSection(SolutionConfigurationPlatforms) = preSolution
		Debug|Any CPU = Debug|Any CPU
		Release|Any CPU = Release|Any CPU
	EndGlobalSection
	GlobalSection(ProjectConfigurationPlatforms) = postSolution
		{50E9C488-9A79-4404-EAF9-86F263724D78}.Debug|Any CPU.ActiveCfg = Debug|Any CPU
		{50E9C488-9A79-4404-EAF9-86F263724D78}.Debug|Any CPU.Build.0 = Debug|Any CPU
		{50E9C488-9A79-4404-EAF9-86F263724D78}.Release|Any CPU.ActiveCfg = Release|Any CPU
		{50E9C488-9A79-4404-EAF9-86F263724D78}.Release|Any CPU.Build.0 = Release|Any CPU
	EndGlobalSection
	GlobalSection(SolutionProperties) = preSolution
		HideSolutionNode = FALSE
	EndGlobalSection
	GlobalSection(ExtensibilityGlobals) = postSolution
		SolutionGuid = {18EEAE3A-2B68-44CA-8CA5-B03E0F24BE27}
	EndGlobalSection
EndGlobal
